
Microsoft Visual Studio Solution File, Format Version 12.00
# Visual Studio for Mac
Project("{FAE04EC0-301F-11D3-BF4B-00C04F79EFBC}") = "ClientUnity", "ClientUnity.csproj", "{00C1D703-EB05-B945-D83A-F0D353F40DBF}"
EndProject
Project("{FAE04EC0-301F-11D3-BF4B-00C04F79EFBC}") = "ClientUnity.Plugins", "ClientUnity.Plugins.csproj", "{E0D7D6E4-B2DD-9ABD-D307-33A3B90D2992}"
EndProject
Project("{FAE04EC0-301F-11D3-BF4B-00C04F79EFBC}") = "ClientUnity.Editor.Plugins", "ClientUnity.Editor.Plugins.csproj", "{894A8283-4C12-FC20-F6D2-0036428A8C69}"
EndProject
Project("{FAE04EC0-301F-11D3-BF4B-00C04F79EFBC}") = "ClientUnity.Editor", "ClientUnity.Editor.csproj", "{FAD9129F-9671-16DB-0D4C-6A7B4702C57F}"
EndProject
Global
	GlobalSection(SolutionConfigurationPlatforms) = preSolution
		Debug|Any CPU = Debug|Any CPU
		Release|Any CPU = Release|Any CPU
	EndGlobalSection
	GlobalSection(ProjectConfigurationPlatforms) = postSolution
		{00C1D703-EB05-B945-D83A-F0D353F40DBF}.Debug|Any CPU.ActiveCfg = Debug|Any CPU
		{00C1D703-EB05-B945-D83A-F0D353F40DBF}.Debug|Any CPU.Build.0 = Debug|Any CPU
		{00C1D703-EB05-B945-D83A-F0D353F40DBF}.Release|Any CPU.ActiveCfg = Release|Any CPU
		{00C1D703-EB05-B945-D83A-F0D353F40DBF}.Release|Any CPU.Build.0 = Release|Any CPU
		{E0D7D6E4-B2DD-9ABD-D307-33A3B90D2992}.Debug|Any CPU.ActiveCfg = Debug|Any CPU
		{E0D7D6E4-B2DD-9ABD-D307-33A3B90D2992}.Debug|Any CPU.Build.0 = Debug|Any CPU
		{E0D7D6E4-B2DD-9ABD-D307-33A3B90D2992}.Release|Any CPU.ActiveCfg = Release|Any CPU
		{E0D7D6E4-B2DD-9ABD-D307-33A3B90D2992}.Release|Any CPU.Build.0 = Release|Any CPU
		{894A8283-4C12-FC20-F6D2-0036428A8C69}.Debug|Any CPU.ActiveCfg = Debug|Any CPU
		{894A8283-4C12-FC20-F6D2-0036428A8C69}.Debug|Any CPU.Build.0 = Debug|Any CPU
		{894A8283-4C12-FC20-F6D2-0036428A8C69}.Release|Any CPU.ActiveCfg = Release|Any CPU
		{894A8283-4C12-FC20-F6D2-0036428A8C69}.Release|Any CPU.Build.0 = Release|Any CPU
		{FAD9129F-9671-16DB-0D4C-6A7B4702C57F}.Debug|Any CPU.ActiveCfg = Debug|Any CPU
		{FAD9129F-9671-16DB-0D4C-6A7B4702C57F}.Debug|Any CPU.Build.0 = Debug|Any CPU
		{FAD9129F-9671-16DB-0D4C-6A7B4702C57F}.Release|Any CPU.ActiveCfg = Release|Any CPU
		{FAD9129F-9671-16DB-0D4C-6A7B4702C57F}.Release|Any CPU.Build.0 = Release|Any CPU
	EndGlobalSection
	GlobalSection(SolutionProperties) = preSolution
		HideSolutionNode = FALSE
	EndGlobalSection
EndGlobal
